{
  "name": "reliable-fetch-examples",
  "version": "1.0.0",
  "lockfileVersion": 2,
  "requires": true,
  "packages": {
    "": {
      "name": "reliable-fetch-examples",
      "dependencies": {
        "@hachibu/reliable-fetch": "^0.0.60"
      }
    },
    "node_modules/@hachibu/reliable-fetch": {
      "version": "0.0.60",
      "resolved": "https://registry.npmjs.org/@hachibu/reliable-fetch/-/reliable-fetch-0.0.60.tgz",
      "integrity": "sha512-Muq3bQWMCEUzaENoApnV8x7YzRPNPdFYyn0dIEkHVgnW0PsKdFdV+rCyyFc9OsxOKr7xGw8A+ZkDPdC4ZNhYfA==",
      "engines": {
        "node": ">= 18"
      }
    }
  },
  "dependencies": {
    "@hachibu/reliable-fetch": {
      "version": "0.0.60",
      "resolved": "https://registry.npmjs.org/@hachibu/reliable-fetch/-/reliable-fetch-0.0.60.tgz",
      "integrity": "sha512-Muq3bQWMCEUzaENoApnV8x7YzRPNPdFYyn0dIEkHVgnW0PsKdFdV+rCyyFc9OsxOKr7xGw8A+ZkDPdC4ZNhYfA=="
    }
  }
}
